
Microsoft Visual Studio Solution File, Format Version 12.00
# Visual Studio Version 16
VisualStudioVersion = 25.0.1706.4
MinimumVisualStudioVersion = 10.0.40219.1
Project("{FAE04EC0-301F-11D3-BF4B-00C04F79EFBC}") = "Week4Loops", "Week4Logs\Week4Loops.csproj", "{AA1E9455-844E-4D22-A54C-459BAF82B99B}"
EndProject
Project("{FAE04EC0-301F-11D3-BF4B-00C04F79EFBC}") = "ForLoopSum", "ForLoopSum\ForLoopSum.csproj", "{3997B3B2-1274-4D98-98F2-019B0CD1E904}"
EndProject
Project("{FAE04EC0-301F-11D3-BF4B-00C04F79EFBC}") = "RandomNumber", "RandomNumber\RandomNumber.csproj", "{5B2B4B73-033D-4034-84D5-093ACEA7D1DF}"
EndProject
Project("{FAE04EC0-301F-11D3-BF4B-00C04F79EFBC}") = "WhileLoops", "WhileLoops\WhileLoops.csproj", "{C88C5301-F7A8-4593-9DB0-C66A30CC8323}"
EndProject
Global
	GlobalSection(SolutionConfigurationPlatforms) = preSolution
		Debug|Any CPU = Debug|Any CPU
		Release|Any CPU = Release|Any CPU
	EndGlobalSection
	GlobalSection(ProjectConfigurationPlatforms) = postSolution
		{AA1E9455-844E-4D22-A54C-459BAF82B99B}.Debug|Any CPU.ActiveCfg = Debug|Any CPU
		{AA1E9455-844E-4D22-A54C-459BAF82B99B}.Debug|Any CPU.Build.0 = Debug|Any CPU
		{AA1E9455-844E-4D22-A54C-459BAF82B99B}.Release|Any CPU.ActiveCfg = Release|Any CPU
		{AA1E9455-844E-4D22-A54C-459BAF82B99B}.Release|Any CPU.Build.0 = Release|Any CPU
		{3997B3B2-1274-4D98-98F2-019B0CD1E904}.Debug|Any CPU.ActiveCfg = Debug|Any CPU
		{3997B3B2-1274-4D98-98F2-019B0CD1E904}.Debug|Any CPU.Build.0 = Debug|Any CPU
		{3997B3B2-1274-4D98-98F2-019B0CD1E904}.Release|Any CPU.ActiveCfg = Release|Any CPU
		{3997B3B2-1274-4D98-98F2-019B0CD1E904}.Release|Any CPU.Build.0 = Release|Any CPU
		{5B2B4B73-033D-4034-84D5-093ACEA7D1DF}.Debug|Any CPU.ActiveCfg = Debug|Any CPU
		{5B2B4B73-033D-4034-84D5-093ACEA7D1DF}.Debug|Any CPU.Build.0 = Debug|Any CPU
		{5B2B4B73-033D-4034-84D5-093ACEA7D1DF}.Release|Any CPU.ActiveCfg = Release|Any CPU
		{5B2B4B73-033D-4034-84D5-093ACEA7D1DF}.Release|Any CPU.Build.0 = Release|Any CPU
		{C88C5301-F7A8-4593-9DB0-C66A30CC8323}.Debug|Any CPU.ActiveCfg = Debug|Any CPU
		{C88C5301-F7A8-4593-9DB0-C66A30CC8323}.Debug|Any CPU.Build.0 = Debug|Any CPU
		{C88C5301-F7A8-4593-9DB0-C66A30CC8323}.Release|Any CPU.ActiveCfg = Release|Any CPU
		{C88C5301-F7A8-4593-9DB0-C66A30CC8323}.Release|Any CPU.Build.0 = Release|Any CPU
	EndGlobalSection
	GlobalSection(SolutionProperties) = preSolution
		HideSolutionNode = FALSE
	EndGlobalSection
	GlobalSection(ExtensibilityGlobals) = postSolution
		SolutionGuid = {8421D61E-0F7B-4EF5-BC57-461AAA47BB19}
	EndGlobalSection
EndGlobal
